// !$*UTF8*$!
{
	archiveVersion = 1;
	classes = {
	};
	objectVersion = 77;
	objects = {

/* Begin PBXBuildFile section */
		4D1E00000000000000000101 /* MinutesCore in Frameworks */ = {isa = PBXBuildFile; productRef = 4D1E00000000000000000201 /* MinutesCore */; };
		4D1E00000000000000000102 /* Tidying in Frameworks */ = {isa = PBXBuildFile; productRef = 4D1E00000000000000000204 /* Tidying */; };
		4D1E00000000000000000103 /* ModelStore in Frameworks */ = {isa = PBXBuildFile; productRef = 4D1E00000000000000000205 /* ModelStore */; };
/* End PBXBuildFile section */

/* Begin PBXFileReference section */
		4D1E00000000000000000001 /* Minutes.app */ = {isa = PBXFileReference; explicitFileType = wrapper.application; includeInIndex = 0; path = Minutes.app; sourceTree = BUILT_PRODUCTS_DIR; };
/* End PBXFileReference section */

/* Begin PBXFileSystemSynchronizedRootGroup section */
		4D1E00000000000000000002 /* Minutes */ = {
			isa = PBXFileSystemSynchronizedRootGroup;
			path = Minutes;
			sourceTree = "<group>";
		};
/* End PBXFileSystemSynchronizedRootGroup section */

/* Begin PBXFrameworksBuildPhase section */
		4D1E00000000000000000003 /* Frameworks */ = {
			isa = PBXFrameworksBuildPhase;
			buildActionMask = 2147483647;
			files = (
				4D1E00000000000000000101 /* MinutesCore in Frameworks */,
				4D1E00000000000000000102 /* Tidying in Frameworks */,
				4D1E00000000000000000103 /* ModelStore in Frameworks */,
			);
			runOnlyForDeploymentPostprocessing = 0;
		};
/* End PBXFrameworksBuildPhase section */

/* Begin PBXGroup section */
		4D1E00000000000000000004 = {
			isa = PBXGroup;
			children = (
				4D1E00000000000000000002 /* Minutes */,
				4D1E00000000000000000005 /* Products */,
			);
			sourceTree = "<group>";
		};
		4D1E00000000000000000005 /* Products */ = {
			isa = PBXGroup;
			children = (
				4D1E00000000000000000001 /* Minutes.app */,
			);
			name = Products;
			sourceTree = "<group>";
		};
/* End PBXGroup section */

/* Begin PBXNativeTarget section */
		4D1E00000000000000000006 /* Minutes */ = {
			isa = PBXNativeTarget;
			buildConfigurationList = 4D1E00000000000000000302 /* Build configuration list for PBXNativeTarget "Minutes" */;
			buildPhases = (
				4D1E00000000000000000007 /* Sources */,
				4D1E00000000000000000003 /* Frameworks */,
				4D1E00000000000000000008 /* Resources */,
			);
			buildRules = (
			);
			dependencies = (
			);
			fileSystemSynchronizedGroups = (
				4D1E00000000000000000002 /* Minutes */,
			);
			name = Minutes;
			packageProductDependencies = (
				4D1E00000000000000000201 /* MinutesCore */,
				4D1E00000000000000000204 /* Tidying */,
				4D1E00000000000000000205 /* ModelStore */,
			);
			productName = Minutes;
			productReference = 4D1E00000000000000000001 /* Minutes.app */;
			productType = "com.apple.product-type.application";
		};
/* End PBXNativeTarget section */

/* Begin PBXProject section */
		4D1E0000000000000000000A /* Project object */ = {
			isa = PBXProject;
			attributes = {
				BuildIndependentTargetsInParallel = 1;
				LastSwiftUpdateCheck = 2600;
				LastUpgradeCheck = 2600;
				TargetAttributes = {
					4D1E00000000000000000006 = {
						CreatedOnToolsVersion = 26.0;
					};
				};
			};
			buildConfigurationList = 4D1E00000000000000000301 /* Build configuration list for PBXProject "Minutes" */;
			developmentRegion = ja;
			hasScannedForEncodings = 0;
			knownRegions = (
				ja,
				Base,
			);
			mainGroup = 4D1E00000000000000000004;
			minimizedProjectReferenceProxies = 1;
			packageReferences = (
				4D1E00000000000000000203 /* XCLocalSwiftPackageReference "MinutesKit" */,
			);
			preferredProjectObjectVersion = 77;
			productRefGroup = 4D1E00000000000000000005 /* Products */;
			projectDirPath = "";
			projectRoot = "";
			targets = (
				4D1E00000000000000000006 /* Minutes */,
			);
		};
/* End PBXProject section */

/* Begin PBXResourcesBuildPhase section */
		4D1E00000000000000000008 /* Resources */ = {
			isa = PBXResourcesBuildPhase;
			buildActionMask = 2147483647;
			files = (
			);
			runOnlyForDeploymentPostprocessing = 0;
		};
/* End PBXResourcesBuildPhase section */

/* Begin PBXSourcesBuildPhase section */
		4D1E00000000000000000007 /* Sources */ = {
			isa = PBXSourcesBuildPhase;
			buildActionMask = 2147483647;
			files = (
			);
			runOnlyForDeploymentPostprocessing = 0;
		};
/* End PBXSourcesBuildPhase section */

/* Begin XCBuildConfiguration section */
		4D1E00000000000000000401 /* Debug */ = {
			isa = XCBuildConfiguration;
			buildSettings = {
				ALWAYS_SEARCH_USER_PATHS = NO;
				ASSETCATALOG_COMPILER_GENERATE_SWIFT_ASSET_SYMBOL_EXTENSIONS = YES;
				CLANG_ENABLE_MODULES = YES;
				CLANG_ENABLE_OBJC_ARC = YES;
				COPY_PHASE_STRIP = NO;
				DEBUG_INFORMATION_FORMAT = dwarf;
				ENABLE_STRICT_OBJC_MSGSEND = YES;
				ENABLE_TESTABILITY = YES;
				ENABLE_USER_SCRIPT_SANDBOXING = NO;
				GCC_OPTIMIZATION_LEVEL = 0;
				MACOSX_DEPLOYMENT_TARGET = 15.0;
				ONLY_ACTIVE_ARCH = YES;
				SDKROOT = macosx;
				SWIFT_ACTIVE_COMPILATION_CONDITIONS = "DEBUG $(inherited)";
				SWIFT_OPTIMIZATION_LEVEL = "-Onone";
			};
			name = Debug;
		};
		4D1E00000000000000000402 /* Release */ = {
			isa = XCBuildConfiguration;
			buildSettings = {
				ALWAYS_SEARCH_USER_PATHS = NO;
				ASSETCATALOG_COMPILER_GENERATE_SWIFT_ASSET_SYMBOL_EXTENSIONS = YES;
				CLANG_ENABLE_MODULES = YES;
				CLANG_ENABLE_OBJC_ARC = YES;
				COPY_PHASE_STRIP = NO;
				DEBUG_INFORMATION_FORMAT = "dwarf-with-dsym";
				ENABLE_NS_ASSERTIONS = NO;
				ENABLE_STRICT_OBJC_MSGSEND = YES;
				ENABLE_USER_SCRIPT_SANDBOXING = NO;
				MACOSX_DEPLOYMENT_TARGET = 15.0;
				SDKROOT = macosx;
				SWIFT_COMPILATION_MODE = wholemodule;
			};
			name = Release;
		};
		4D1E00000000000000000403 /* Debug */ = {
			isa = XCBuildConfiguration;
			buildSettings = {
				ASSETCATALOG_COMPILER_APPICON_NAME = AppIcon;
				ASSETCATALOG_COMPILER_GLOBAL_ACCENT_COLOR_NAME = AccentColor;
				CODE_SIGN_IDENTITY = "-";
				CODE_SIGN_STYLE = Manual;
				COMBINE_HIDPI_IMAGES = YES;
				CURRENT_PROJECT_VERSION = 1;
				DEVELOPMENT_TEAM = "";
				ENABLE_HARDENED_RUNTIME = YES;
				GENERATE_INFOPLIST_FILE = YES;
				INFOPLIST_FILE = Support/Info.plist;
				INFOPLIST_KEY_CFBundleDisplayName = Minutes;
				INFOPLIST_KEY_LSApplicationCategoryType = "public.app-category.productivity";
				INFOPLIST_KEY_NSHumanReadableCopyright = "";
				LD_RUNPATH_SEARCH_PATHS = (
					"$(inherited)",
					"@executable_path/../Frameworks",
				);
				MARKETING_VERSION = 1.0;
				PRODUCT_BUNDLE_IDENTIFIER = io.github.yumonjiro.Minutes;
				PRODUCT_NAME = "$(TARGET_NAME)";
				SWIFT_APPROACHABLE_CONCURRENCY = YES;
				SWIFT_DEFAULT_ACTOR_ISOLATION = MainActor;
				SWIFT_EMIT_LOC_STRINGS = YES;
				SWIFT_UPCOMING_FEATURE_MEMBER_IMPORT_VISIBILITY = YES;
				SWIFT_VERSION = 6.0;
			};
			name = Debug;
		};
		4D1E00000000000000000404 /* Release */ = {
			isa = XCBuildConfiguration;
			buildSettings = {
				ASSETCATALOG_COMPILER_APPICON_NAME = AppIcon;
				ASSETCATALOG_COMPILER_GLOBAL_ACCENT_COLOR_NAME = AccentColor;
				CODE_SIGN_ENTITLEMENTS = Minutes/Minutes.entitlements;
				CODE_SIGN_IDENTITY = "-";
				CODE_SIGN_STYLE = Manual;
				COMBINE_HIDPI_IMAGES = YES;
				CURRENT_PROJECT_VERSION = 1;
				DEVELOPMENT_TEAM = "";
				ENABLE_HARDENED_RUNTIME = YES;
				GENERATE_INFOPLIST_FILE = YES;
				INFOPLIST_FILE = Support/Info.plist;
				INFOPLIST_KEY_CFBundleDisplayName = Minutes;
				INFOPLIST_KEY_LSApplicationCategoryType = "public.app-category.productivity";
				INFOPLIST_KEY_NSHumanReadableCopyright = "";
				LD_RUNPATH_SEARCH_PATHS = (
					"$(inherited)",
					"@executable_path/../Frameworks",
				);
				MARKETING_VERSION = 1.0;
				PRODUCT_BUNDLE_IDENTIFIER = io.github.yumonjiro.Minutes;
				PRODUCT_NAME = "$(TARGET_NAME)";
				SWIFT_APPROACHABLE_CONCURRENCY = YES;
				SWIFT_DEFAULT_ACTOR_ISOLATION = MainActor;
				SWIFT_EMIT_LOC_STRINGS = YES;
				SWIFT_UPCOMING_FEATURE_MEMBER_IMPORT_VISIBILITY = YES;
				SWIFT_VERSION = 6.0;
			};
			name = Release;
		};
/* End XCBuildConfiguration section */

/* Begin XCConfigurationList section */
		4D1E00000000000000000301 /* Build configuration list for PBXProject "Minutes" */ = {
			isa = XCConfigurationList;
			buildConfigurations = (
				4D1E00000000000000000401 /* Debug */,
				4D1E00000000000000000402 /* Release */,
			);
			defaultConfigurationIsVisible = 0;
			defaultConfigurationName = Release;
		};
		4D1E00000000000000000302 /* Build configuration list for PBXNativeTarget "Minutes" */ = {
			isa = XCConfigurationList;
			buildConfigurations = (
				4D1E00000000000000000403 /* Debug */,
				4D1E00000000000000000404 /* Release */,
			);
			defaultConfigurationIsVisible = 0;
			defaultConfigurationName = Release;
		};
/* End XCConfigurationList section */

/* Begin XCLocalSwiftPackageReference section */
		4D1E00000000000000000203 /* XCLocalSwiftPackageReference "MinutesKit" */ = {
			isa = XCLocalSwiftPackageReference;
			relativePath = MinutesKit;
		};
/* End XCLocalSwiftPackageReference section */

/* Begin XCSwiftPackageProductDependency section */
		4D1E00000000000000000201 /* MinutesCore */ = {
			isa = XCSwiftPackageProductDependency;
			productName = MinutesCore;
		};
		4D1E00000000000000000204 /* Tidying */ = {
			isa = XCSwiftPackageProductDependency;
			productName = Tidying;
		};
		4D1E00000000000000000205 /* ModelStore */ = {
			isa = XCSwiftPackageProductDependency;
			productName = ModelStore;
		};
/* End XCSwiftPackageProductDependency section */
	};
	rootObject = 4D1E0000000000000000000A /* Project object */;
}
